
Microsoft Visual Studio Solution File, Format Version 12.00
# Visual Studio Version 17
VisualStudioVersion = 17.2.32630.192
MinimumVisualStudioVersion = 10.0.40219.1
Project("{9A19103F-16F7-4668-BE54-9A1E7A4F7556}") = "FormationWPF", "FormationWPF\FormationWPF.csproj", "{846A669A-CF3C-4006-B8F3-4E451A7ABE2D}"
EndProject
Project("{FAE04EC0-301F-11D3-BF4B-00C04F79EFBC}") = "QuizApp", "QuizApp\QuizApp.csproj", "{DED7D185-E5E2-4E97-B5CB-EEBB2372B4D3}"
EndProject
Global
	GlobalSection(SolutionConfigurationPlatforms) = preSolution
		Debug|Any CPU = Debug|Any CPU
		Release|Any CPU = Release|Any CPU
	EndGlobalSection
	GlobalSection(ProjectConfigurationPlatforms) = postSolution
		{846A669A-CF3C-4006-B8F3-4E451A7ABE2D}.Debug|Any CPU.ActiveCfg = Debug|Any CPU
		{846A669A-CF3C-4006-B8F3-4E451A7ABE2D}.Debug|Any CPU.Build.0 = Debug|Any CPU
		{846A669A-CF3C-4006-B8F3-4E451A7ABE2D}.Release|Any CPU.ActiveCfg = Release|Any CPU
		{846A669A-CF3C-4006-B8F3-4E451A7ABE2D}.Release|Any CPU.Build.0 = Release|Any CPU
		{DED7D185-E5E2-4E97-B5CB-EEBB2372B4D3}.Debug|Any CPU.ActiveCfg = Debug|Any CPU
		{DED7D185-E5E2-4E97-B5CB-EEBB2372B4D3}.Debug|Any CPU.Build.0 = Debug|Any CPU
		{DED7D185-E5E2-4E97-B5CB-EEBB2372B4D3}.Release|Any CPU.ActiveCfg = Release|Any CPU
		{DED7D185-E5E2-4E97-B5CB-EEBB2372B4D3}.Release|Any CPU.Build.0 = Release|Any CPU
	EndGlobalSection
	GlobalSection(SolutionProperties) = preSolution
		HideSolutionNode = FALSE
	EndGlobalSection
	GlobalSection(ExtensibilityGlobals) = postSolution
		SolutionGuid = {8FF826A1-9B9A-4C30-AB6C-CE396D8A8A8F}
	EndGlobalSection
EndGlobal
